
Microsoft Visual Studio Solution File, Format Version 12.00
# Visual Studio Version 17
VisualStudioVersion = 17.3.32929.385
MinimumVisualStudioVersion = 10.0.40219.1
Project("{FAE04EC0-301F-11D3-BF4B-00C04F79EFBC}") = "Para1", "Para1\Para1.csproj", "{A8EF7687-71D4-4EBA-A92B-E57138B4E443}"
EndProject
Global
	GlobalSection(SolutionConfigurationPlatforms) = preSolution
		Debug|Any CPU = Debug|Any CPU
		Release|Any CPU = Release|Any CPU
	EndGlobalSection
	GlobalSection(ProjectConfigurationPlatforms) = postSolution
		{A8EF7687-71D4-4EBA-A92B-E57138B4E443}.Debug|Any CPU.ActiveCfg = Debug|Any CPU
		{A8EF7687-71D4-4EBA-A92B-E57138B4E443}.Debug|Any CPU.Build.0 = Debug|Any CPU
		{A8EF7687-71D4-4EBA-A92B-E57138B4E443}.Release|Any CPU.ActiveCfg = Release|Any CPU
		{A8EF7687-71D4-4EBA-A92B-E57138B4E443}.Release|Any CPU.Build.0 = Release|Any CPU
	EndGlobalSection
	GlobalSection(SolutionProperties) = preSolution
		HideSolutionNode = FALSE
	EndGlobalSection
	GlobalSection(ExtensibilityGlobals) = postSolution
		SolutionGuid = {C8AA1DDA-7F29-40CC-9254-C652BFFD8039}
	EndGlobalSection
EndGlobal
